// !$*UTF8*$!
{
	archiveVersion = 1;
	classes = {
	};
	objectVersion = 77;
	objects = {

/* Begin PBXBuildFile section */
		791F94922E578264004CC4E5 /* UnitTestPlan.xctestplan in Resources */ = {isa = PBXBuildFile; fileRef = 791F94912E578264004CC4E5 /* UnitTestPlan.xctestplan */; };
		79AE791D2E51F6D4001FCABD /* ConfettiSwiftUI in Frameworks */ = {isa = PBXBuildFile; productRef = 79AE791C2E51F6D4001FCABD /* ConfettiSwiftUI */; };
		79AE7A7D2E533CF0001FCABD /* TelemetryClient in Frameworks */ = {isa = PBXBuildFile; productRef = 79AE7A7C2E533CF0001FCABD /* TelemetryClient */; };
		79AE7A7F2E533CF0001FCABD /* TelemetryDeck in Frameworks */ = {isa = PBXBuildFile; productRef = 79AE7A7E2E533CF0001FCABD /* TelemetryDeck */; };
		79CC51262E553BA600ACDCC3 /* WidgetKit.framework in Frameworks */ = {isa = PBXBuildFile; fileRef = 79CC51252E553BA600ACDCC3 /* WidgetKit.framework */; };
		79CC51282E553BA600ACDCC3 /* SwiftUI.framework in Frameworks */ = {isa = PBXBuildFile; fileRef = 79CC51272E553BA600ACDCC3 /* SwiftUI.framework */; };
		79CC51362E553BA800ACDCC3 /* KunaWidgetExtension.appex in Embed Foundation Extensions */ = {isa = PBXBuildFile; fileRef = 79CC51232E553BA600ACDCC3 /* KunaWidgetExtension.appex */; settings = {ATTRIBUTES = (RemoveHeadersOnCopy, ); }; };
		79F311F12E5E7F0700DC0500 /* crowdin.yml in Resources */ = {isa = PBXBuildFile; fileRef = 79F311F02E5E7EFF00DC0500 /* crowdin.yml */; };
/* End PBXBuildFile section */

/* Begin PBXContainerItemProxy section */
		791F94842E57821A004CC4E5 /* PBXContainerItemProxy */ = {
			isa = PBXContainerItemProxy;
			containerPortal = 794745452E4F6C1200C7A1D4 /* Project object */;
			proxyType = 1;
			remoteGlobalIDString = 7947454C2E4F6C1200C7A1D4;
			remoteInfo = Kuna;
		};
		7940D1702E66FC0000C134C8 /* PBXContainerItemProxy */ = {
			isa = PBXContainerItemProxy;
			containerPortal = 794745452E4F6C1200C7A1D4 /* Project object */;
			proxyType = 1;
			remoteGlobalIDString = 7947454C2E4F6C1200C7A1D4;
			remoteInfo = Kuna;
		};
		79CC51332E553BA800ACDCC3 /* PBXContainerItemProxy */ = {
			isa = PBXContainerItemProxy;
			containerPortal = 794745452E4F6C1200C7A1D4 /* Project object */;
			proxyType = 1;
			remoteGlobalIDString = 79CC51222E553BA600ACDCC3;
			remoteInfo = KunaWidgetExtension;
		};
		79F856DD2E57C5710028165E /* PBXContainerItemProxy */ = {
			isa = PBXContainerItemProxy;
			containerPortal = 794745452E4F6C1200C7A1D4 /* Project object */;
			proxyType = 1;
			remoteGlobalIDString = 7947454C2E4F6C1200C7A1D4;
			remoteInfo = Kuna;
		};
/* End PBXContainerItemProxy section */

/* Begin PBXCopyFilesBuildPhase section */
		79CC51352E553BA800ACDCC3 /* Embed Foundation Extensions */ = {
			isa = PBXCopyFilesBuildPhase;
			buildActionMask = 2147483647;
			dstPath = "";
			dstSubfolderSpec = 13;
			files = (
				79CC51362E553BA800ACDCC3 /* KunaWidgetExtension.appex in Embed Foundation Extensions */,
			);
			name = "Embed Foundation Extensions";
			runOnlyForDeploymentPostprocessing = 0;
		};
/* End PBXCopyFilesBuildPhase section */

/* Begin PBXFileReference section */
		791F94802E57821A004CC4E5 /* KunaUnitTests.xctest */ = {isa = PBXFileReference; explicitFileType = wrapper.cfbundle; includeInIndex = 0; path = KunaUnitTests.xctest; sourceTree = BUILT_PRODUCTS_DIR; };
		791F94912E578264004CC4E5 /* UnitTestPlan.xctestplan */ = {isa = PBXFileReference; lastKnownFileType = text; path = UnitTestPlan.xctestplan; sourceTree = "<group>"; };
		7940D16C2E66FC0000C134C8 /* KunaEventKitTests.xctest */ = {isa = PBXFileReference; explicitFileType = wrapper.cfbundle; includeInIndex = 0; path = KunaEventKitTests.xctest; sourceTree = BUILT_PRODUCTS_DIR; };
		7947454D2E4F6C1200C7A1D4 /* Kuna.app */ = {isa = PBXFileReference; explicitFileType = wrapper.application; includeInIndex = 0; path = Kuna.app; sourceTree = BUILT_PRODUCTS_DIR; };
		797B552E2E745CE80028EA2E /* UXTests.xctestplan */ = {isa = PBXFileReference; lastKnownFileType = text; path = UXTests.xctestplan; sourceTree = "<group>"; };
		79CC51232E553BA600ACDCC3 /* KunaWidgetExtension.appex */ = {isa = PBXFileReference; explicitFileType = "wrapper.app-extension"; includeInIndex = 0; path = KunaWidgetExtension.appex; sourceTree = BUILT_PRODUCTS_DIR; };
		79CC51252E553BA600ACDCC3 /* WidgetKit.framework */ = {isa = PBXFileReference; lastKnownFileType = wrapper.framework; name = WidgetKit.framework; path = System/Library/Frameworks/WidgetKit.framework; sourceTree = SDKROOT; };
		79CC51272E553BA600ACDCC3 /* SwiftUI.framework */ = {isa = PBXFileReference; lastKnownFileType = wrapper.framework; name = SwiftUI.framework; path = System/Library/Frameworks/SwiftUI.framework; sourceTree = SDKROOT; };
		79CC513B2E553BC900ACDCC3 /* KunaWidgetExtension.entitlements */ = {isa = PBXFileReference; lastKnownFileType = text.plist.entitlements; path = KunaWidgetExtension.entitlements; sourceTree = "<group>"; };
		79F311F02E5E7EFF00DC0500 /* crowdin.yml */ = {isa = PBXFileReference; lastKnownFileType = text.yaml; path = crowdin.yml; sourceTree = "<group>"; };
		79F856D72E57C5710028165E /* KunaUITests.xctest */ = {isa = PBXFileReference; explicitFileType = wrapper.cfbundle; includeInIndex = 0; path = KunaUITests.xctest; sourceTree = BUILT_PRODUCTS_DIR; };
/* End PBXFileReference section */

/* Begin PBXFileSystemSynchronizedBuildFileExceptionSet section */
		797B550D2E7347E30028EA2E /* Exceptions for "Kuna" folder in "KunaWidgetExtension" target */ = {
			isa = PBXFileSystemSynchronizedBuildFileExceptionSet;
			membershipExceptions = (
				Services/Logging.swift,
			);
			target = 79CC51222E553BA600ACDCC3 /* KunaWidgetExtension */;
		};
		79AE7C5E2E53D592001FCABD /* Exceptions for "Kuna" folder in "Kuna" target */ = {
			isa = PBXFileSystemSynchronizedBuildFileExceptionSet;
			membershipExceptions = (
				Info.plist,
			);
			target = 7947454C2E4F6C1200C7A1D4 /* Kuna */;
		};
		79CC513A2E553BA800ACDCC3 /* Exceptions for "KunaWidget" folder in "KunaWidgetExtension" target */ = {
			isa = PBXFileSystemSynchronizedBuildFileExceptionSet;
			membershipExceptions = (
				Info.plist,
			);
			target = 79CC51222E553BA600ACDCC3 /* KunaWidgetExtension */;
		};
/* End PBXFileSystemSynchronizedBuildFileExceptionSet section */

/* Begin PBXFileSystemSynchronizedRootGroup section */
		791F94812E57821A004CC4E5 /* KunaUnitTests */ = {
			isa = PBXFileSystemSynchronizedRootGroup;
			path = KunaUnitTests;
			sourceTree = "<group>";
		};
		7940D16D2E66FC0000C134C8 /* KunaEventKitTests */ = {
			isa = PBXFileSystemSynchronizedRootGroup;
			path = KunaEventKitTests;
			sourceTree = "<group>";
		};
		7947454F2E4F6C1200C7A1D4 /* Kuna */ = {
			isa = PBXFileSystemSynchronizedRootGroup;
			exceptions = (
				79AE7C5E2E53D592001FCABD /* Exceptions for "Kuna" folder in "Kuna" target */,
				797B550D2E7347E30028EA2E /* Exceptions for "Kuna" folder in "KunaWidgetExtension" target */,
			);
			path = Kuna;
			sourceTree = "<group>";
		};
		79CC51292E553BA600ACDCC3 /* KunaWidget */ = {
			isa = PBXFileSystemSynchronizedRootGroup;
			exceptions = (
				79CC513A2E553BA800ACDCC3 /* Exceptions for "KunaWidget" folder in "KunaWidgetExtension" target */,
			);
			path = KunaWidget;
			sourceTree = "<group>";
		};
		79F856D82E57C5710028165E /* KunaUITests */ = {
			isa = PBXFileSystemSynchronizedRootGroup;
			path = KunaUITests;
			sourceTree = "<group>";
		};
/* End PBXFileSystemSynchronizedRootGroup section */

/* Begin PBXFrameworksBuildPhase section */
		791F947D2E57821A004CC4E5 /* Frameworks */ = {
			isa = PBXFrameworksBuildPhase;
			buildActionMask = 2147483647;
			files = (
			);
			runOnlyForDeploymentPostprocessing = 0;
		};
		7940D1692E66FC0000C134C8 /* Frameworks */ = {
			isa = PBXFrameworksBuildPhase;
			buildActionMask = 2147483647;
			files = (
			);
			runOnlyForDeploymentPostprocessing = 0;
		};
		7947454A2E4F6C1200C7A1D4 /* Frameworks */ = {
			isa = PBXFrameworksBuildPhase;
			buildActionMask = 2147483647;
			files = (
				79AE791D2E51F6D4001FCABD /* ConfettiSwiftUI in Frameworks */,
				79AE7A7D2E533CF0001FCABD /* TelemetryClient in Frameworks */,
				79AE7A7F2E533CF0001FCABD /* TelemetryDeck in Frameworks */,
			);
			runOnlyForDeploymentPostprocessing = 0;
		};
		79CC51202E553BA600ACDCC3 /* Frameworks */ = {
			isa = PBXFrameworksBuildPhase;
			buildActionMask = 2147483647;
			files = (
				79CC51282E553BA600ACDCC3 /* SwiftUI.framework in Frameworks */,
				79CC51262E553BA600ACDCC3 /* WidgetKit.framework in Frameworks */,
			);
			runOnlyForDeploymentPostprocessing = 0;
		};
		79F856D42E57C5710028165E /* Frameworks */ = {
			isa = PBXFrameworksBuildPhase;
			buildActionMask = 2147483647;
			files = (
			);
			runOnlyForDeploymentPostprocessing = 0;
		};
/* End PBXFrameworksBuildPhase section */

/* Begin PBXGroup section */
		794745442E4F6C1200C7A1D4 = {
			isa = PBXGroup;
			children = (
				797B552E2E745CE80028EA2E /* UXTests.xctestplan */,
				79F311F02E5E7EFF00DC0500 /* crowdin.yml */,
				791F94912E578264004CC4E5 /* UnitTestPlan.xctestplan */,
				79CC513B2E553BC900ACDCC3 /* KunaWidgetExtension.entitlements */,
				7947454F2E4F6C1200C7A1D4 /* Kuna */,
				79CC51292E553BA600ACDCC3 /* KunaWidget */,
				791F94812E57821A004CC4E5 /* KunaUnitTests */,
				79F856D82E57C5710028165E /* KunaUITests */,
				7940D16D2E66FC0000C134C8 /* KunaEventKitTests */,
				79CC51242E553BA600ACDCC3 /* Frameworks */,
				7947454E2E4F6C1200C7A1D4 /* Products */,
			);
			sourceTree = "<group>";
		};
		7947454E2E4F6C1200C7A1D4 /* Products */ = {
			isa = PBXGroup;
			children = (
				7947454D2E4F6C1200C7A1D4 /* Kuna.app */,
				79CC51232E553BA600ACDCC3 /* KunaWidgetExtension.appex */,
				791F94802E57821A004CC4E5 /* KunaUnitTests.xctest */,
				79F856D72E57C5710028165E /* KunaUITests.xctest */,
				7940D16C2E66FC0000C134C8 /* KunaEventKitTests.xctest */,
			);
			name = Products;
			sourceTree = "<group>";
		};
		79CC51242E553BA600ACDCC3 /* Frameworks */ = {
			isa = PBXGroup;
			children = (
				79CC51252E553BA600ACDCC3 /* WidgetKit.framework */,
				79CC51272E553BA600ACDCC3 /* SwiftUI.framework */,
			);
			name = Frameworks;
			sourceTree = "<group>";
		};
/* End PBXGroup section */

/* Begin PBXNativeTarget section */
		791F947F2E57821A004CC4E5 /* KunaUnitTests */ = {
			isa = PBXNativeTarget;
			buildConfigurationList = 791F94862E57821A004CC4E5 /* Build configuration list for PBXNativeTarget "KunaUnitTests" */;
			buildPhases = (
				791F947C2E57821A004CC4E5 /* Sources */,
				791F947D2E57821A004CC4E5 /* Frameworks */,
				791F947E2E57821A004CC4E5 /* Resources */,
			);
			buildRules = (
			);
			dependencies = (
				791F94852E57821A004CC4E5 /* PBXTargetDependency */,
			);
			fileSystemSynchronizedGroups = (
				791F94812E57821A004CC4E5 /* KunaUnitTests */,
			);
			name = KunaUnitTests;
			packageProductDependencies = (
			);
			productName = KunaUnitTests;
			productReference = 791F94802E57821A004CC4E5 /* KunaUnitTests.xctest */;
			productType = "com.apple.product-type.bundle.unit-test";
		};
		7940D16B2E66FC0000C134C8 /* KunaEventKitTests */ = {
			isa = PBXNativeTarget;
			buildConfigurationList = 7940D1742E66FC0000C134C8 /* Build configuration list for PBXNativeTarget "KunaEventKitTests" */;
			buildPhases = (
				7940D1682E66FC0000C134C8 /* Sources */,
				7940D1692E66FC0000C134C8 /* Frameworks */,
				7940D16A2E66FC0000C134C8 /* Resources */,
			);
			buildRules = (
			);
			dependencies = (
				7940D1712E66FC0000C134C8 /* PBXTargetDependency */,
			);
			fileSystemSynchronizedGroups = (
				7940D16D2E66FC0000C134C8 /* KunaEventKitTests */,
			);
			name = KunaEventKitTests;
			packageProductDependencies = (
			);
			productName = KunaEventKitTests;
			productReference = 7940D16C2E66FC0000C134C8 /* KunaEventKitTests.xctest */;
			productType = "com.apple.product-type.bundle.unit-test";
		};
		7947454C2E4F6C1200C7A1D4 /* Kuna */ = {
			isa = PBXNativeTarget;
			buildConfigurationList = 794745582E4F6C1400C7A1D4 /* Build configuration list for PBXNativeTarget "Kuna" */;
			buildPhases = (
				794745492E4F6C1200C7A1D4 /* Sources */,
				7947454A2E4F6C1200C7A1D4 /* Frameworks */,
				7947454B2E4F6C1200C7A1D4 /* Resources */,
				79CC51352E553BA800ACDCC3 /* Embed Foundation Extensions */,
			);
			buildRules = (
			);
			dependencies = (
				79CC51342E553BA800ACDCC3 /* PBXTargetDependency */,
			);
			fileSystemSynchronizedGroups = (
				7947454F2E4F6C1200C7A1D4 /* Kuna */,
			);
			name = Kuna;
			packageProductDependencies = (
				79AE791C2E51F6D4001FCABD /* ConfettiSwiftUI */,
				79AE7A7C2E533CF0001FCABD /* TelemetryClient */,
				79AE7A7E2E533CF0001FCABD /* TelemetryDeck */,
			);
			productName = Kuna;
			productReference = 7947454D2E4F6C1200C7A1D4 /* Kuna.app */;
			productType = "com.apple.product-type.application";
		};
		79CC51222E553BA600ACDCC3 /* KunaWidgetExtension */ = {
			isa = PBXNativeTarget;
			buildConfigurationList = 79CC51372E553BA800ACDCC3 /* Build configuration list for PBXNativeTarget "KunaWidgetExtension" */;
			buildPhases = (
				79CC511F2E553BA600ACDCC3 /* Sources */,
				79CC51202E553BA600ACDCC3 /* Frameworks */,
				79CC51212E553BA600ACDCC3 /* Resources */,
			);
			buildRules = (
			);
			dependencies = (
			);
			fileSystemSynchronizedGroups = (
				79CC51292E553BA600ACDCC3 /* KunaWidget */,
			);
			name = KunaWidgetExtension;
			packageProductDependencies = (
			);
			productName = KunaWidgetExtension;
			productReference = 79CC51232E553BA600ACDCC3 /* KunaWidgetExtension.appex */;
			productType = "com.apple.product-type.app-extension";
		};
		79F856D62E57C5710028165E /* KunaUITests */ = {
			isa = PBXNativeTarget;
			buildConfigurationList = 79F856DF2E57C5710028165E /* Build configuration list for PBXNativeTarget "KunaUITests" */;
			buildPhases = (
				79F856D32E57C5710028165E /* Sources */,
				79F856D42E57C5710028165E /* Frameworks */,
				79F856D52E57C5710028165E /* Resources */,
			);
			buildRules = (
			);
			dependencies = (
				79F856DE2E57C5710028165E /* PBXTargetDependency */,
			);
			fileSystemSynchronizedGroups = (
				79F856D82E57C5710028165E /* KunaUITests */,
			);
			name = KunaUITests;
			packageProductDependencies = (
			);
			productName = KunaUITests;
			productReference = 79F856D72E57C5710028165E /* KunaUITests.xctest */;
			productType = "com.apple.product-type.bundle.ui-testing";
		};
/* End PBXNativeTarget section */

/* Begin PBXProject section */
		794745452E4F6C1200C7A1D4 /* Project object */ = {
			isa = PBXProject;
			attributes = {
				BuildIndependentTargetsInParallel = 1;
				LastSwiftUpdateCheck = 1630;
				LastUpgradeCheck = 1630;
				TargetAttributes = {
					791F947F2E57821A004CC4E5 = {
						CreatedOnToolsVersion = 16.3;
						TestTargetID = 7947454C2E4F6C1200C7A1D4;
					};
					7940D16B2E66FC0000C134C8 = {
						CreatedOnToolsVersion = 16.3;
						TestTargetID = 7947454C2E4F6C1200C7A1D4;
					};
					7947454C2E4F6C1200C7A1D4 = {
						CreatedOnToolsVersion = 16.3;
					};
					79CC51222E553BA600ACDCC3 = {
						CreatedOnToolsVersion = 16.3;
					};
					79F856D62E57C5710028165E = {
						CreatedOnToolsVersion = 16.3;
						TestTargetID = 7947454C2E4F6C1200C7A1D4;
					};
				};
			};
			buildConfigurationList = 794745482E4F6C1200C7A1D4 /* Build configuration list for PBXProject "Kuna" */;
			developmentRegion = "en-GB";
			hasScannedForEncodings = 0;
			knownRegions = (
				en,
				"en-GB",
				Base,
				ja,
				pt,
				"pt-BR",
				ar,
				el,
				tr,
				ru,
				"zh-Hans",
				no,
				uk,
				fi,
				ro,
				de,
				fr,
				vi,
				af,
				pl,
				sr,
				"en-US",
				ko,
				he,
				da,
				"zh-Hant",
				es,
				it,
				nl,
				cs,
				hu,
				ca,
				sv,
				nb,
			);
			mainGroup = 794745442E4F6C1200C7A1D4;
			minimizedProjectReferenceProxies = 1;
			packageReferences = (
				79AE791B2E51F6D4001FCABD /* XCRemoteSwiftPackageReference "ConfettiSwiftUI" */,
				79AE7A7B2E533CF0001FCABD /* XCRemoteSwiftPackageReference "SwiftSDK" */,
			);
			preferredProjectObjectVersion = 77;
			productRefGroup = 7947454E2E4F6C1200C7A1D4 /* Products */;
			projectDirPath = "";
			projectRoot = "";
			targets = (
				7947454C2E4F6C1200C7A1D4 /* Kuna */,
				79CC51222E553BA600ACDCC3 /* KunaWidgetExtension */,
				791F947F2E57821A004CC4E5 /* KunaUnitTests */,
				79F856D62E57C5710028165E /* KunaUITests */,
				7940D16B2E66FC0000C134C8 /* KunaEventKitTests */,
			);
		};
/* End PBXProject section */

/* Begin PBXResourcesBuildPhase section */
		791F947E2E57821A004CC4E5 /* Resources */ = {
			isa = PBXResourcesBuildPhase;
			buildActionMask = 2147483647;
			files = (
			);
			runOnlyForDeploymentPostprocessing = 0;
		};
		7940D16A2E66FC0000C134C8 /* Resources */ = {
			isa = PBXResourcesBuildPhase;
			buildActionMask = 2147483647;
			files = (
			);
			runOnlyForDeploymentPostprocessing = 0;
		};
		7947454B2E4F6C1200C7A1D4 /* Resources */ = {
			isa = PBXResourcesBuildPhase;
			buildActionMask = 2147483647;
			files = (
				791F94922E578264004CC4E5 /* UnitTestPlan.xctestplan in Resources */,
				79F311F12E5E7F0700DC0500 /* crowdin.yml in Resources */,
			);
			runOnlyForDeploymentPostprocessing = 0;
		};
		79CC51212E553BA600ACDCC3 /* Resources */ = {
			isa = PBXResourcesBuildPhase;
			buildActionMask = 2147483647;
			files = (
			);
			runOnlyForDeploymentPostprocessing = 0;
		};
		79F856D52E57C5710028165E /* Resources */ = {
			isa = PBXResourcesBuildPhase;
			buildActionMask = 2147483647;
			files = (
			);
			runOnlyForDeploymentPostprocessing = 0;
		};
/* End PBXResourcesBuildPhase section */

/* Begin PBXSourcesBuildPhase section */
		791F947C2E57821A004CC4E5 /* Sources */ = {
			isa = PBXSourcesBuildPhase;
			buildActionMask = 2147483647;
			files = (
			);
			runOnlyForDeploymentPostprocessing = 0;
		};
		7940D1682E66FC0000C134C8 /* Sources */ = {
			isa = PBXSourcesBuildPhase;
			buildActionMask = 2147483647;
			files = (
			);
			runOnlyForDeploymentPostprocessing = 0;
		};
		794745492E4F6C1200C7A1D4 /* Sources */ = {
			isa = PBXSourcesBuildPhase;
			buildActionMask = 2147483647;
			files = (
			);
			runOnlyForDeploymentPostprocessing = 0;
		};
		79CC511F2E553BA600ACDCC3 /* Sources */ = {
			isa = PBXSourcesBuildPhase;
			buildActionMask = 2147483647;
			files = (
			);
			runOnlyForDeploymentPostprocessing = 0;
		};
		79F856D32E57C5710028165E /* Sources */ = {
			isa = PBXSourcesBuildPhase;
			buildActionMask = 2147483647;
			files = (
			);
			runOnlyForDeploymentPostprocessing = 0;
		};
/* End PBXSourcesBuildPhase section */

/* Begin PBXTargetDependency section */
		791F94852E57821A004CC4E5 /* PBXTargetDependency */ = {
			isa = PBXTargetDependency;
			target = 7947454C2E4F6C1200C7A1D4 /* Kuna */;
			targetProxy = 791F94842E57821A004CC4E5 /* PBXContainerItemProxy */;
		};
		7940D1712E66FC0000C134C8 /* PBXTargetDependency */ = {
			isa = PBXTargetDependency;
			target = 7947454C2E4F6C1200C7A1D4 /* Kuna */;
			targetProxy = 7940D1702E66FC0000C134C8 /* PBXContainerItemProxy */;
		};
		79CC51342E553BA800ACDCC3 /* PBXTargetDependency */ = {
			isa = PBXTargetDependency;
			target = 79CC51222E553BA600ACDCC3 /* KunaWidgetExtension */;
			targetProxy = 79CC51332E553BA800ACDCC3 /* PBXContainerItemProxy */;
		};
		79F856DE2E57C5710028165E /* PBXTargetDependency */ = {
			isa = PBXTargetDependency;
			target = 7947454C2E4F6C1200C7A1D4 /* Kuna */;
			targetProxy = 79F856DD2E57C5710028165E /* PBXContainerItemProxy */;
		};
/* End PBXTargetDependency section */

/* Begin XCBuildConfiguration section */
		791F94872E57821A004CC4E5 /* Debug */ = {
			isa = XCBuildConfiguration;
			buildSettings = {
				BUNDLE_LOADER = "$(TEST_HOST)";
				CLANG_ENABLE_CODE_COVERAGE = Yes;
				CODE_SIGN_STYLE = Automatic;
				DEFINES_MODULE = YES;
				DEVELOPMENT_TEAM = 9NK92GW676;
				ENABLE_MODULE_VERIFIER = YES;
				GCC_GENERATE_TEST_COVERAGE_FILES = YES;
				GENERATE_INFOPLIST_FILE = YES;
				MODULE_VERIFIER_SUPPORTED_LANGUAGE_STANDARDS = "gnu17 gnu++20";
				PRODUCT_BUNDLE_IDENTIFIER = tech.systemsmystery.KunaUnitTests;
				PRODUCT_NAME = "$(TARGET_NAME)";
				SWIFT_EMIT_LOC_STRINGS = NO;
				SWIFT_VERSION = 5.0;
				TARGETED_DEVICE_FAMILY = "1,2";
				TEST_HOST = "$(BUILT_PRODUCTS_DIR)/Kuna.app/$(BUNDLE_EXECUTABLE_FOLDER_PATH)/Kuna";
			};
			name = Debug;
		};
		791F94882E57821A004CC4E5 /* Release */ = {
			isa = XCBuildConfiguration;
			buildSettings = {
				BUNDLE_LOADER = "$(TEST_HOST)";
				CLANG_ENABLE_CODE_COVERAGE = Yes;
				CODE_SIGN_STYLE = Automatic;
				DEFINES_MODULE = YES;
				DEVELOPMENT_TEAM = 9NK92GW676;
				ENABLE_MODULE_VERIFIER = YES;
				GCC_GENERATE_TEST_COVERAGE_FILES = YES;
				GENERATE_INFOPLIST_FILE = YES;
				MODULE_VERIFIER_SUPPORTED_LANGUAGE_STANDARDS = "gnu17 gnu++20";
				PRODUCT_BUNDLE_IDENTIFIER = tech.systemsmystery.KunaUnitTests;
				PRODUCT_NAME = "$(TARGET_NAME)";
				SWIFT_EMIT_LOC_STRINGS = NO;
				SWIFT_VERSION = 5.0;
				TARGETED_DEVICE_FAMILY = "1,2";
				TEST_HOST = "$(BUILT_PRODUCTS_DIR)/Kuna.app/$(BUNDLE_EXECUTABLE_FOLDER_PATH)/Kuna";
			};
			name = Release;
		};
		7940D1722E66FC0000C134C8 /* Debug */ = {
			isa = XCBuildConfiguration;
			buildSettings = {
				BUNDLE_LOADER = "$(TEST_HOST)";
				CODE_SIGN_STYLE = Automatic;
				DEVELOPMENT_TEAM = 9NK92GW676;
				GENERATE_INFOPLIST_FILE = YES;
				PRODUCT_BUNDLE_IDENTIFIER = tech.systemsmystery.KunaEventKitTests;
				PRODUCT_NAME = "$(TARGET_NAME)";
				SWIFT_EMIT_LOC_STRINGS = NO;
				SWIFT_VERSION = 5.0;
				TARGETED_DEVICE_FAMILY = "1,2";
				TEST_HOST = "$(BUILT_PRODUCTS_DIR)/Kuna.app/$(BUNDLE_EXECUTABLE_FOLDER_PATH)/Kuna";
			};
			name = Debug;
		};
		7940D1732E66FC0000C134C8 /* Release */ = {
			isa = XCBuildConfiguration;
			buildSettings = {
				BUNDLE_LOADER = "$(TEST_HOST)";
				CODE_SIGN_STYLE = Automatic;
				DEVELOPMENT_TEAM = 9NK92GW676;
				GENERATE_INFOPLIST_FILE = YES;
				PRODUCT_BUNDLE_IDENTIFIER = tech.systemsmystery.KunaEventKitTests;
				PRODUCT_NAME = "$(TARGET_NAME)";
				SWIFT_EMIT_LOC_STRINGS = NO;
				SWIFT_VERSION = 5.0;
				TARGETED_DEVICE_FAMILY = "1,2";
				TEST_HOST = "$(BUILT_PRODUCTS_DIR)/Kuna.app/$(BUNDLE_EXECUTABLE_FOLDER_PATH)/Kuna";
			};
			name = Release;
		};
		794745562E4F6C1400C7A1D4 /* Debug */ = {
			isa = XCBuildConfiguration;
			buildSettings = {
				ALWAYS_SEARCH_USER_PATHS = NO;
				ASSETCATALOG_COMPILER_GENERATE_SWIFT_ASSET_SYMBOL_EXTENSIONS = YES;
				CLANG_ANALYZER_LOCALIZABILITY_NONLOCALIZED = YES;
				CLANG_ANALYZER_NONNULL = YES;
				CLANG_ANALYZER_NUMBER_OBJECT_CONVERSION = YES_AGGRESSIVE;
				CLANG_CXX_LANGUAGE_STANDARD = "gnu++20";
				CLANG_ENABLE_CODE_COVERAGE = YES;
				CLANG_ENABLE_MODULES = YES;
				CLANG_ENABLE_OBJC_ARC = YES;
				CLANG_ENABLE_OBJC_WEAK = YES;
				CLANG_WARN_BLOCK_CAPTURE_AUTORELEASING = YES;
				CLANG_WARN_BOOL_CONVERSION = YES;
				CLANG_WARN_COMMA = YES;
				CLANG_WARN_CONSTANT_CONVERSION = YES;
				CLANG_WARN_DEPRECATED_OBJC_IMPLEMENTATIONS = YES;
				CLANG_WARN_DIRECT_OBJC_ISA_USAGE = YES_ERROR;
				CLANG_WARN_DOCUMENTATION_COMMENTS = YES;
				CLANG_WARN_EMPTY_BODY = YES;
				CLANG_WARN_ENUM_CONVERSION = YES;
				CLANG_WARN_INFINITE_RECURSION = YES;
				CLANG_WARN_INT_CONVERSION = YES;
				CLANG_WARN_NON_LITERAL_NULL_CONVERSION = YES;
				CLANG_WARN_OBJC_IMPLICIT_RETAIN_SELF = YES;
				CLANG_WARN_OBJC_LITERAL_CONVERSION = YES;
				CLANG_WARN_OBJC_ROOT_CLASS = YES_ERROR;
				CLANG_WARN_QUOTED_INCLUDE_IN_FRAMEWORK_HEADER = YES;
				CLANG_WARN_RANGE_LOOP_ANALYSIS = YES;
				CLANG_WARN_STRICT_PROTOTYPES = YES;
				CLANG_WARN_SUSPICIOUS_MOVE = YES;
				CLANG_WARN_UNGUARDED_AVAILABILITY = YES_AGGRESSIVE;
				CLANG_WARN_UNREACHABLE_CODE = YES;
				CLANG_WARN__DUPLICATE_METHOD_MATCH = YES;
				COPY_PHASE_STRIP = NO;
				CURRENT_PROJECT_VERSION = 5;
				DEBUG_INFORMATION_FORMAT = dwarf;
				DEVELOPMENT_TEAM = 9NK92GW676;
				ENABLE_STRICT_OBJC_MSGSEND = YES;
				ENABLE_TESTABILITY = YES;
				ENABLE_USER_SCRIPT_SANDBOXING = YES;
				GCC_C_LANGUAGE_STANDARD = gnu17;
				GCC_DYNAMIC_NO_PIC = NO;
				GCC_NO_COMMON_BLOCKS = YES;
				GCC_OPTIMIZATION_LEVEL = 0;
				GCC_PREPROCESSOR_DEFINITIONS = (
					"DEBUG=1",
					"$(inherited)",
				);
				GCC_WARN_64_TO_32_BIT_CONVERSION = YES;
				GCC_WARN_ABOUT_RETURN_TYPE = YES_ERROR;
				GCC_WARN_UNDECLARED_SELECTOR = YES;
				GCC_WARN_UNINITIALIZED_AUTOS = YES_AGGRESSIVE;
				GCC_WARN_UNUSED_FUNCTION = YES;
				GCC_WARN_UNUSED_VARIABLE = YES;
				IPHONEOS_DEPLOYMENT_TARGET = 18.4;
				LOCALIZATION_PREFERS_STRING_CATALOGS = YES;
				MARKETING_VERSION = 1.0.2;
				MTL_ENABLE_DEBUG_INFO = INCLUDE_SOURCE;
				MTL_FAST_MATH = YES;
				ONLY_ACTIVE_ARCH = YES;
				SDKROOT = iphoneos;
				SWIFT_ACTIVE_COMPILATION_CONDITIONS = "DEBUG $(inherited)";
				SWIFT_EMIT_LOC_STRINGS = YES;
				SWIFT_OPTIMIZATION_LEVEL = "-Onone";
				VERSIONING_SYSTEM = "apple-generic";
			};
			name = Debug;
		};
		794745572E4F6C1400C7A1D4 /* Release */ = {
			isa = XCBuildConfiguration;
			buildSettings = {
				ALWAYS_SEARCH_USER_PATHS = NO;
				ASSETCATALOG_COMPILER_GENERATE_SWIFT_ASSET_SYMBOL_EXTENSIONS = YES;
				CLANG_ANALYZER_LOCALIZABILITY_NONLOCALIZED = YES;
				CLANG_ANALYZER_NONNULL = YES;
				CLANG_ANALYZER_NUMBER_OBJECT_CONVERSION = YES_AGGRESSIVE;
				CLANG_CXX_LANGUAGE_STANDARD = "gnu++20";
				CLANG_ENABLE_CODE_COVERAGE = YES;
				CLANG_ENABLE_MODULES = YES;
				CLANG_ENABLE_OBJC_ARC = YES;
				CLANG_ENABLE_OBJC_WEAK = YES;
				CLANG_WARN_BLOCK_CAPTURE_AUTORELEASING = YES;
				CLANG_WARN_BOOL_CONVERSION = YES;
				CLANG_WARN_COMMA = YES;
				CLANG_WARN_CONSTANT_CONVERSION = YES;
				CLANG_WARN_DEPRECATED_OBJC_IMPLEMENTATIONS = YES;
				CLANG_WARN_DIRECT_OBJC_ISA_USAGE = YES_ERROR;
				CLANG_WARN_DOCUMENTATION_COMMENTS = YES;
				CLANG_WARN_EMPTY_BODY = YES;
				CLANG_WARN_ENUM_CONVERSION = YES;
				CLANG_WARN_INFINITE_RECURSION = YES;
				CLANG_WARN_INT_CONVERSION = YES;
				CLANG_WARN_NON_LITERAL_NULL_CONVERSION = YES;
				CLANG_WARN_OBJC_IMPLICIT_RETAIN_SELF = YES;
				CLANG_WARN_OBJC_LITERAL_CONVERSION = YES;
				CLANG_WARN_OBJC_ROOT_CLASS = YES_ERROR;
				CLANG_WARN_QUOTED_INCLUDE_IN_FRAMEWORK_HEADER = YES;
				CLANG_WARN_RANGE_LOOP_ANALYSIS = YES;
				CLANG_WARN_STRICT_PROTOTYPES = YES;
				CLANG_WARN_SUSPICIOUS_MOVE = YES;
				CLANG_WARN_UNGUARDED_AVAILABILITY = YES_AGGRESSIVE;
				CLANG_WARN_UNREACHABLE_CODE = YES;
				CLANG_WARN__DUPLICATE_METHOD_MATCH = YES;
				COPY_PHASE_STRIP = NO;
				CURRENT_PROJECT_VERSION = 5;
				DEBUG_INFORMATION_FORMAT = "dwarf-with-dsym";
				DEVELOPMENT_TEAM = 9NK92GW676;
				ENABLE_NS_ASSERTIONS = NO;
				ENABLE_STRICT_OBJC_MSGSEND = YES;
				ENABLE_USER_SCRIPT_SANDBOXING = YES;
				GCC_C_LANGUAGE_STANDARD = gnu17;
				GCC_NO_COMMON_BLOCKS = YES;
				GCC_WARN_64_TO_32_BIT_CONVERSION = YES;
				GCC_WARN_ABOUT_RETURN_TYPE = YES_ERROR;
				GCC_WARN_UNDECLARED_SELECTOR = YES;
				GCC_WARN_UNINITIALIZED_AUTOS = YES_AGGRESSIVE;
				GCC_WARN_UNUSED_FUNCTION = YES;
				GCC_WARN_UNUSED_VARIABLE = YES;
				IPHONEOS_DEPLOYMENT_TARGET = 18.4;
				LOCALIZATION_PREFERS_STRING_CATALOGS = YES;
				MARKETING_VERSION = 1.0.2;
				MTL_ENABLE_DEBUG_INFO = NO;
				MTL_FAST_MATH = YES;
				ONLY_ACTIVE_ARCH = NO;
				SDKROOT = iphoneos;
				SWIFT_COMPILATION_MODE = wholemodule;
				SWIFT_EMIT_LOC_STRINGS = YES;
				VALIDATE_PRODUCT = YES;
				VERSIONING_SYSTEM = "apple-generic";
			};
			name = Release;
		};
		794745592E4F6C1400C7A1D4 /* Debug */ = {
			isa = XCBuildConfiguration;
			buildSettings = {
				ASSETCATALOG_COMPILER_APPICON_NAME = AppIcon;
				ASSETCATALOG_COMPILER_GLOBAL_ACCENT_COLOR_NAME = AccentColor;
				CLANG_ENABLE_CODE_COVERAGE = Yes;
				CODE_SIGN_ENTITLEMENTS = Kuna/Kuna.entitlements;
				CODE_SIGN_STYLE = Automatic;
				DEFINES_MODULE = YES;
				DEVELOPMENT_TEAM = 9NK92GW676;
				ENABLE_MODULE_VERIFIER = YES;
				ENABLE_PREVIEWS = YES;
				GCC_GENERATE_TEST_COVERAGE_FILES = YES;
				GENERATE_INFOPLIST_FILE = YES;
				INFOPLIST_FILE = Kuna/Info.plist;
				INFOPLIST_KEY_BGTaskSchedulerPermittedIdentifiers = "$(PRODUCT_BUNDLE_IDENTIFIER).bg.refresh";
				INFOPLIST_KEY_CFBundleDisplayName = "";
				INFOPLIST_KEY_LSApplicationCategoryType = "public.app-category.productivity";
				INFOPLIST_KEY_NSCalendarsUsageDescription = "Kuna needs access to your calendars to sync tasks as events.";
				INFOPLIST_KEY_UIApplicationSceneManifest_Generation = YES;
				INFOPLIST_KEY_UIApplicationSupportsIndirectInputEvents = YES;
				INFOPLIST_KEY_UIBackgroundModes = fetch;
				INFOPLIST_KEY_UILaunchScreen_Generation = YES;
				INFOPLIST_KEY_UISupportedInterfaceOrientations_iPad = "UIInterfaceOrientationPortrait UIInterfaceOrientationPortraitUpsideDown UIInterfaceOrientationLandscapeLeft UIInterfaceOrientationLandscapeRight";
				INFOPLIST_KEY_UISupportedInterfaceOrientations_iPhone = "UIInterfaceOrientationPortrait UIInterfaceOrientationLandscapeLeft UIInterfaceOrientationLandscapeRight";
				LD_RUNPATH_SEARCH_PATHS = (
					"$(inherited)",
					"@executable_path/Frameworks",
				);
				MODULE_VERIFIER_SUPPORTED_LANGUAGE_STANDARDS = "gnu17 gnu++20";
				PRODUCT_BUNDLE_IDENTIFIER = tech.systemsmystery.kuna;
				PRODUCT_NAME = "$(TARGET_NAME)";
				SWIFT_EMIT_LOC_STRINGS = YES;
				SWIFT_VERSION = 5.0;
				TARGETED_DEVICE_FAMILY = "1,2";
			};
			name = Debug;
		};
		7947455A2E4F6C1400C7A1D4 /* Release */ = {
			isa = XCBuildConfiguration;
			buildSettings = {
				ASSETCATALOG_COMPILER_APPICON_NAME = AppIcon;
				ASSETCATALOG_COMPILER_GLOBAL_ACCENT_COLOR_NAME = AccentColor;
				CLANG_ENABLE_CODE_COVERAGE = Yes;
				CODE_SIGN_ENTITLEMENTS = Kuna/Kuna.entitlements;
				"CODE_SIGN_IDENTITY[sdk=iphoneos*]" = "iPhone Distribution";
				CODE_SIGN_STYLE = Manual;
				DEFINES_MODULE = YES;
				DEVELOPMENT_TEAM = "";
				"DEVELOPMENT_TEAM[sdk=iphoneos*]" = 9NK92GW676;
				ENABLE_MODULE_VERIFIER = YES;
				ENABLE_PREVIEWS = YES;
				GCC_GENERATE_TEST_COVERAGE_FILES = YES;
				GENERATE_INFOPLIST_FILE = YES;
				INFOPLIST_FILE = Kuna/Info.plist;
				INFOPLIST_KEY_BGTaskSchedulerPermittedIdentifiers = "$(PRODUCT_BUNDLE_IDENTIFIER).bg.refresh";
				INFOPLIST_KEY_CFBundleDisplayName = "";
				INFOPLIST_KEY_LSApplicationCategoryType = "public.app-category.productivity";
				INFOPLIST_KEY_NSCalendarsUsageDescription = "Kuna needs access to your calendars to sync tasks as events.";
				INFOPLIST_KEY_UIApplicationSceneManifest_Generation = YES;
				INFOPLIST_KEY_UIApplicationSupportsIndirectInputEvents = YES;
				INFOPLIST_KEY_UIBackgroundModes = fetch;
				INFOPLIST_KEY_UILaunchScreen_Generation = YES;
				INFOPLIST_KEY_UISupportedInterfaceOrientations_iPad = "UIInterfaceOrientationPortrait UIInterfaceOrientationPortraitUpsideDown UIInterfaceOrientationLandscapeLeft UIInterfaceOrientationLandscapeRight";
				INFOPLIST_KEY_UISupportedInterfaceOrientations_iPhone = "UIInterfaceOrientationPortrait UIInterfaceOrientationLandscapeLeft UIInterfaceOrientationLandscapeRight";
				LD_RUNPATH_SEARCH_PATHS = (
					"$(inherited)",
					"@executable_path/Frameworks",
				);
				MODULE_VERIFIER_SUPPORTED_LANGUAGE_STANDARDS = "gnu17 gnu++20";
				PRODUCT_BUNDLE_IDENTIFIER = tech.systemsmystery.kuna;
				PRODUCT_NAME = "$(TARGET_NAME)";
				PROVISIONING_PROFILE_SPECIFIER = "";
				"PROVISIONING_PROFILE_SPECIFIER[sdk=iphoneos*]" = "match AppStore tech.systemsmystery.kuna";
				SWIFT_EMIT_LOC_STRINGS = YES;
				SWIFT_VERSION = 5.0;
				TARGETED_DEVICE_FAMILY = "1,2";
			};
			name = Release;
		};
		79CC51382E553BA800ACDCC3 /* Debug */ = {
			isa = XCBuildConfiguration;
			buildSettings = {
				ASSETCATALOG_COMPILER_GLOBAL_ACCENT_COLOR_NAME = AccentColor;
				ASSETCATALOG_COMPILER_WIDGET_BACKGROUND_COLOR_NAME = WidgetBackground;
				CODE_SIGN_ENTITLEMENTS = KunaWidgetExtension.entitlements;
				CODE_SIGN_STYLE = Automatic;
				DEVELOPMENT_TEAM = 9NK92GW676;
				GENERATE_INFOPLIST_FILE = YES;
				INFOPLIST_FILE = KunaWidget/Info.plist;
				INFOPLIST_KEY_CFBundleDisplayName = KunaWidget;
				INFOPLIST_KEY_NSHumanReadableCopyright = "";
				LD_RUNPATH_SEARCH_PATHS = (
					"$(inherited)",
					"@executable_path/Frameworks",
					"@executable_path/../../Frameworks",
				);
				PRODUCT_BUNDLE_IDENTIFIER = tech.systemsmystery.kuna.KunaWidget;
				PRODUCT_NAME = "$(TARGET_NAME)";
				SKIP_INSTALL = YES;
				SWIFT_EMIT_LOC_STRINGS = YES;
				SWIFT_VERSION = 5.0;
				TARGETED_DEVICE_FAMILY = "1,2";
			};
			name = Debug;
		};
		79CC51392E553BA800ACDCC3 /* Release */ = {
			isa = XCBuildConfiguration;
			buildSettings = {
				ASSETCATALOG_COMPILER_GLOBAL_ACCENT_COLOR_NAME = AccentColor;
				ASSETCATALOG_COMPILER_WIDGET_BACKGROUND_COLOR_NAME = WidgetBackground;
				CODE_SIGN_ENTITLEMENTS = KunaWidgetExtension.entitlements;
				"CODE_SIGN_IDENTITY[sdk=iphoneos*]" = "iPhone Distribution";
				CODE_SIGN_STYLE = Manual;
				DEVELOPMENT_TEAM = "";
				"DEVELOPMENT_TEAM[sdk=iphoneos*]" = 9NK92GW676;
				GENERATE_INFOPLIST_FILE = YES;
				INFOPLIST_FILE = KunaWidget/Info.plist;
				INFOPLIST_KEY_CFBundleDisplayName = KunaWidget;
				INFOPLIST_KEY_NSHumanReadableCopyright = "";
				LD_RUNPATH_SEARCH_PATHS = (
					"$(inherited)",
					"@executable_path/Frameworks",
					"@executable_path/../../Frameworks",
				);
				PRODUCT_BUNDLE_IDENTIFIER = tech.systemsmystery.kuna.KunaWidget;
				PRODUCT_NAME = "$(TARGET_NAME)";
				PROVISIONING_PROFILE_SPECIFIER = "";
				"PROVISIONING_PROFILE_SPECIFIER[sdk=iphoneos*]" = "match AppStore tech.systemsmystery.kuna.KunaWidget";
				SKIP_INSTALL = YES;
				SWIFT_EMIT_LOC_STRINGS = YES;
				SWIFT_VERSION = 5.0;
				TARGETED_DEVICE_FAMILY = "1,2";
			};
			name = Release;
		};
		79F856E02E57C5710028165E /* Debug */ = {
			isa = XCBuildConfiguration;
			buildSettings = {
				CODE_SIGN_STYLE = Automatic;
				DEVELOPMENT_TEAM = 9NK92GW676;
				GENERATE_INFOPLIST_FILE = YES;
				PRODUCT_BUNDLE_IDENTIFIER = tech.systemsmystery.KunaUITests;
				PRODUCT_NAME = "$(TARGET_NAME)";
				SWIFT_EMIT_LOC_STRINGS = NO;
				SWIFT_VERSION = 5.0;
				TARGETED_DEVICE_FAMILY = "1,2";
				TEST_TARGET_NAME = Kuna;
			};
			name = Debug;
		};
		79F856E12E57C5710028165E /* Release */ = {
			isa = XCBuildConfiguration;
			buildSettings = {
				CODE_SIGN_STYLE = Automatic;
				DEVELOPMENT_TEAM = 9NK92GW676;
				GENERATE_INFOPLIST_FILE = YES;
				PRODUCT_BUNDLE_IDENTIFIER = tech.systemsmystery.KunaUITests;
				PRODUCT_NAME = "$(TARGET_NAME)";
				SWIFT_EMIT_LOC_STRINGS = NO;
				SWIFT_VERSION = 5.0;
				TARGETED_DEVICE_FAMILY = "1,2";
				TEST_TARGET_NAME = Kuna;
			};
			name = Release;
		};
/* End XCBuildConfiguration section */

/* Begin XCConfigurationList section */
		791F94862E57821A004CC4E5 /* Build configuration list for PBXNativeTarget "KunaUnitTests" */ = {
			isa = XCConfigurationList;
			buildConfigurations = (
				791F94872E57821A004CC4E5 /* Debug */,
				791F94882E57821A004CC4E5 /* Release */,
			);
			defaultConfigurationIsVisible = 0;
			defaultConfigurationName = Release;
		};
		7940D1742E66FC0000C134C8 /* Build configuration list for PBXNativeTarget "KunaEventKitTests" */ = {
			isa = XCConfigurationList;
			buildConfigurations = (
				7940D1722E66FC0000C134C8 /* Debug */,
				7940D1732E66FC0000C134C8 /* Release */,
			);
			defaultConfigurationIsVisible = 0;
			defaultConfigurationName = Release;
		};
		794745482E4F6C1200C7A1D4 /* Build configuration list for PBXProject "Kuna" */ = {
			isa = XCConfigurationList;
			buildConfigurations = (
				794745562E4F6C1400C7A1D4 /* Debug */,
				794745572E4F6C1400C7A1D4 /* Release */,
			);
			defaultConfigurationIsVisible = 0;
			defaultConfigurationName = Release;
		};
		794745582E4F6C1400C7A1D4 /* Build configuration list for PBXNativeTarget "Kuna" */ = {
			isa = XCConfigurationList;
			buildConfigurations = (
				794745592E4F6C1400C7A1D4 /* Debug */,
				7947455A2E4F6C1400C7A1D4 /* Release */,
			);
			defaultConfigurationIsVisible = 0;
			defaultConfigurationName = Release;
		};
		79CC51372E553BA800ACDCC3 /* Build configuration list for PBXNativeTarget "KunaWidgetExtension" */ = {
			isa = XCConfigurationList;
			buildConfigurations = (
				79CC51382E553BA800ACDCC3 /* Debug */,
				79CC51392E553BA800ACDCC3 /* Release */,
			);
			defaultConfigurationIsVisible = 0;
			defaultConfigurationName = Release;
		};
		79F856DF2E57C5710028165E /* Build configuration list for PBXNativeTarget "KunaUITests" */ = {
			isa = XCConfigurationList;
			buildConfigurations = (
				79F856E02E57C5710028165E /* Debug */,
				79F856E12E57C5710028165E /* Release */,
			);
			defaultConfigurationIsVisible = 0;
			defaultConfigurationName = Release;
		};
/* End XCConfigurationList section */

/* Begin XCRemoteSwiftPackageReference section */
		79AE791B2E51F6D4001FCABD /* XCRemoteSwiftPackageReference "ConfettiSwiftUI" */ = {
			isa = XCRemoteSwiftPackageReference;
			repositoryURL = "https://github.com/simibac/ConfettiSwiftUI.git";
			requirement = {
				kind = upToNextMajorVersion;
				minimumVersion = 2.0.3;
			};
		};
		79AE7A7B2E533CF0001FCABD /* XCRemoteSwiftPackageReference "SwiftSDK" */ = {
			isa = XCRemoteSwiftPackageReference;
			repositoryURL = "https://github.com/TelemetryDeck/SwiftSDK";
			requirement = {
				kind = upToNextMajorVersion;
				minimumVersion = 2.9.4;
			};
		};
/* End XCRemoteSwiftPackageReference section */

/* Begin XCSwiftPackageProductDependency section */
		79AE791C2E51F6D4001FCABD /* ConfettiSwiftUI */ = {
			isa = XCSwiftPackageProductDependency;
			package = 79AE791B2E51F6D4001FCABD /* XCRemoteSwiftPackageReference "ConfettiSwiftUI" */;
			productName = ConfettiSwiftUI;
		};
		79AE7A7C2E533CF0001FCABD /* TelemetryClient */ = {
			isa = XCSwiftPackageProductDependency;
			package = 79AE7A7B2E533CF0001FCABD /* XCRemoteSwiftPackageReference "SwiftSDK" */;
			productName = TelemetryClient;
		};
		79AE7A7E2E533CF0001FCABD /* TelemetryDeck */ = {
			isa = XCSwiftPackageProductDependency;
			package = 79AE7A7B2E533CF0001FCABD /* XCRemoteSwiftPackageReference "SwiftSDK" */;
			productName = TelemetryDeck;
		};
/* End XCSwiftPackageProductDependency section */
	};
	rootObject = 794745452E4F6C1200C7A1D4 /* Project object */;
}
